// !$*UTF8*$!
{
	archiveVersion = 1;
	classes = {
	};
	objectVersion = 55;
	objects = {

/* Begin PBXBuildFile section */
		6931E2A128F4509400000A38 /* MVVMRefactoringKataTests.swift in Sources */ = {isa = PBXBuildFile; fileRef = 6931E2A028F4509400000A38 /* MVVMRefactoringKataTests.swift */; };
		6931E2A828F4516E00000A38 /* ViewModel.swift in Sources */ = {isa = PBXBuildFile; fileRef = 6931E2A728F4516E00000A38 /* ViewModel.swift */; };
		697D4D2328DE25C900CD55AB /* AppDelegate.swift in Sources */ = {isa = PBXBuildFile; fileRef = 697D4D2228DE25C900CD55AB /* AppDelegate.swift */; };
		697D4D2528DE25C900CD55AB /* SceneDelegate.swift in Sources */ = {isa = PBXBuildFile; fileRef = 697D4D2428DE25C900CD55AB /* SceneDelegate.swift */; };
		697D4D2728DE25C900CD55AB /* ViewController.swift in Sources */ = {isa = PBXBuildFile; fileRef = 697D4D2628DE25C900CD55AB /* ViewController.swift */; };
		697D4D2A28DE25C900CD55AB /* Main.storyboard in Resources */ = {isa = PBXBuildFile; fileRef = 697D4D2828DE25C900CD55AB /* Main.storyboard */; };
		697D4D2C28DE25CA00CD55AB /* Assets.xcassets in Resources */ = {isa = PBXBuildFile; fileRef = 697D4D2B28DE25CA00CD55AB /* Assets.xcassets */; };
		697D4D2F28DE25CA00CD55AB /* LaunchScreen.storyboard in Resources */ = {isa = PBXBuildFile; fileRef = 697D4D2D28DE25CA00CD55AB /* LaunchScreen.storyboard */; };
/* End PBXBuildFile section */

/* Begin PBXContainerItemProxy section */
		6931E2A228F4509400000A38 /* PBXContainerItemProxy */ = {
			isa = PBXContainerItemProxy;
			containerPortal = 697D4D1728DE25C900CD55AB /* Project object */;
			proxyType = 1;
			remoteGlobalIDString = 697D4D1E28DE25C900CD55AB;
			remoteInfo = MVVMRefactoringKata;
		};
/* End PBXContainerItemProxy section */

/* Begin PBXFileReference section */
		6931E29928F44B3C00000A38 /* README.md */ = {isa = PBXFileReference; lastKnownFileType = net.daringfireball.markdown; path = README.md; sourceTree = "<group>"; };
		6931E29E28F4509400000A38 /* MVVMRefactoringKataTests.xctest */ = {isa = PBXFileReference; explicitFileType = wrapper.cfbundle; includeInIndex = 0; path = MVVMRefactoringKataTests.xctest; sourceTree = BUILT_PRODUCTS_DIR; };
		6931E2A028F4509400000A38 /* MVVMRefactoringKataTests.swift */ = {isa = PBXFileReference; lastKnownFileType = sourcecode.swift; path = MVVMRefactoringKataTests.swift; sourceTree = "<group>"; };
		6931E2A728F4516E00000A38 /* ViewModel.swift */ = {isa = PBXFileReference; lastKnownFileType = sourcecode.swift; path = ViewModel.swift; sourceTree = "<group>"; };
		697D4D1F28DE25C900CD55AB /* MVVMRefactoringKata.app */ = {isa = PBXFileReference; explicitFileType = wrapper.application; includeInIndex = 0; path = MVVMRefactoringKata.app; sourceTree = BUILT_PRODUCTS_DIR; };
		697D4D2228DE25C900CD55AB /* AppDelegate.swift */ = {isa = PBXFileReference; lastKnownFileType = sourcecode.swift; path = AppDelegate.swift; sourceTree = "<group>"; };
		697D4D2428DE25C900CD55AB /* SceneDelegate.swift */ = {isa = PBXFileReference; lastKnownFileType = sourcecode.swift; path = SceneDelegate.swift; sourceTree = "<group>"; };
		697D4D2628DE25C900CD55AB /* ViewController.swift */ = {isa = PBXFileReference; lastKnownFileType = sourcecode.swift; path = ViewController.swift; sourceTree = "<group>"; };
		697D4D2928DE25C900CD55AB /* Base */ = {isa = PBXFileReference; lastKnownFileType = file.storyboard; name = Base; path = Base.lproj/Main.storyboard; sourceTree = "<group>"; };
		697D4D2B28DE25CA00CD55AB /* Assets.xcassets */ = {isa = PBXFileReference; lastKnownFileType = folder.assetcatalog; path = Assets.xcassets; sourceTree = "<group>"; };
		697D4D2E28DE25CA00CD55AB /* Base */ = {isa = PBXFileReference; lastKnownFileType = file.storyboard; name = Base; path = Base.lproj/LaunchScreen.storyboard; sourceTree = "<group>"; };
		697D4D3028DE25CA00CD55AB /* Info.plist */ = {isa = PBXFileReference; lastKnownFileType = text.plist.xml; path = Info.plist; sourceTree = "<group>"; };
/* End PBXFileReference section */

/* Begin PBXFrameworksBuildPhase section */
		6931E29B28F4509400000A38 /* Frameworks */ = {
			isa = PBXFrameworksBuildPhase;
			buildActionMask = 2147483647;
			files = (
			);
			runOnlyForDeploymentPostprocessing = 0;
		};
		697D4D1C28DE25C900CD55AB /* Frameworks */ = {
			isa = PBXFrameworksBuildPhase;
			buildActionMask = 2147483647;
			files = (
			);
			runOnlyForDeploymentPostprocessing = 0;
		};
/* End PBXFrameworksBuildPhase section */

/* Begin PBXGroup section */
		6931E29F28F4509400000A38 /* MVVMRefactoringKataTests */ = {
			isa = PBXGroup;
			children = (
				6931E2A028F4509400000A38 /* MVVMRefactoringKataTests.swift */,
			);
			path = MVVMRefactoringKataTests;
			sourceTree = "<group>";
		};
		697D4D1628DE25C900CD55AB = {
			isa = PBXGroup;
			children = (
				697D4D2128DE25C900CD55AB /* MVVMRefactoringKata */,
				6931E29F28F4509400000A38 /* MVVMRefactoringKataTests */,
				697D4D2028DE25C900CD55AB /* Products */,
			);
			sourceTree = "<group>";
		};
		697D4D2028DE25C900CD55AB /* Products */ = {
			isa = PBXGroup;
			children = (
				697D4D1F28DE25C900CD55AB /* MVVMRefactoringKata.app */,
				6931E29E28F4509400000A38 /* MVVMRefactoringKataTests.xctest */,
			);
			name = Products;
			sourceTree = "<group>";
		};
		697D4D2128DE25C900CD55AB /* MVVMRefactoringKata */ = {
			isa = PBXGroup;
			children = (
				697D4D2228DE25C900CD55AB /* AppDelegate.swift */,
				697D4D2428DE25C900CD55AB /* SceneDelegate.swift */,
				697D4D2628DE25C900CD55AB /* ViewController.swift */,
				697D4D2828DE25C900CD55AB /* Main.storyboard */,
				697D4D2B28DE25CA00CD55AB /* Assets.xcassets */,
				697D4D2D28DE25CA00CD55AB /* LaunchScreen.storyboard */,
				697D4D3028DE25CA00CD55AB /* Info.plist */,
				6931E29928F44B3C00000A38 /* README.md */,
				6931E2A728F4516E00000A38 /* ViewModel.swift */,
			);
			path = MVVMRefactoringKata;
			sourceTree = "<group>";
		};
/* End PBXGroup section */

/* Begin PBXNativeTarget section */
		6931E29D28F4509400000A38 /* MVVMRefactoringKataTests */ = {
			isa = PBXNativeTarget;
			buildConfigurationList = 6931E2A628F4509400000A38 /* Build configuration list for PBXNativeTarget "MVVMRefactoringKataTests" */;
			buildPhases = (
				6931E29A28F4509400000A38 /* Sources */,
				6931E29B28F4509400000A38 /* Frameworks */,
				6931E29C28F4509400000A38 /* Resources */,
			);
			buildRules = (
			);
			dependencies = (
				6931E2A328F4509400000A38 /* PBXTargetDependency */,
			);
			name = MVVMRefactoringKataTests;
			productName = MVVMRefactoringKataTests;
			productReference = 6931E29E28F4509400000A38 /* MVVMRefactoringKataTests.xctest */;
			productType = "com.apple.product-type.bundle.unit-test";
		};
		697D4D1E28DE25C900CD55AB /* MVVMRefactoringKata */ = {
			isa = PBXNativeTarget;
			buildConfigurationList = 697D4D3328DE25CA00CD55AB /* Build configuration list for PBXNativeTarget "MVVMRefactoringKata" */;
			buildPhases = (
				697D4D1B28DE25C900CD55AB /* Sources */,
				697D4D1C28DE25C900CD55AB /* Frameworks */,
				697D4D1D28DE25C900CD55AB /* Resources */,
			);
			buildRules = (
			);
			dependencies = (
			);
			name = MVVMRefactoringKata;
			productName = MVVMRefactoringKata;
			productReference = 697D4D1F28DE25C900CD55AB /* MVVMRefactoringKata.app */;
			productType = "com.apple.product-type.application";
		};
/* End PBXNativeTarget section */

/* Begin PBXProject section */
		697D4D1728DE25C900CD55AB /* Project object */ = {
			isa = PBXProject;
			attributes = {
				BuildIndependentTargetsInParallel = 1;
				LastSwiftUpdateCheck = 1340;
				LastUpgradeCheck = 1340;
				TargetAttributes = {
					6931E29D28F4509400000A38 = {
						CreatedOnToolsVersion = 13.4.1;
						TestTargetID = 697D4D1E28DE25C900CD55AB;
					};
					697D4D1E28DE25C900CD55AB = {
						CreatedOnToolsVersion = 13.4.1;
					};
				};
			};
			buildConfigurationList = 697D4D1A28DE25C900CD55AB /* Build configuration list for PBXProject "MVVMRefactoringKata" */;
			compatibilityVersion = "Xcode 13.0";
			developmentRegion = en;
			hasScannedForEncodings = 0;
			knownRegions = (
				en,
				Base,
			);
			mainGroup = 697D4D1628DE25C900CD55AB;
			productRefGroup = 697D4D2028DE25C900CD55AB /* Products */;
			projectDirPath = "";
			projectRoot = "";
			targets = (
				697D4D1E28DE25C900CD55AB /* MVVMRefactoringKata */,
				6931E29D28F4509400000A38 /* MVVMRefactoringKataTests */,
			);
		};
/* End PBXProject section */

/* Begin PBXResourcesBuildPhase section */
		6931E29C28F4509400000A38 /* Resources */ = {
			isa = PBXResourcesBuildPhase;
			buildActionMask = 2147483647;
			files = (
			);
			runOnlyForDeploymentPostprocessing = 0;
		};
		697D4D1D28DE25C900CD55AB /* Resources */ = {
			isa = PBXResourcesBuildPhase;
			buildActionMask = 2147483647;
			files = (
				697D4D2F28DE25CA00CD55AB /* LaunchScreen.storyboard in Resources */,
				697D4D2C28DE25CA00CD55AB /* Assets.xcassets in Resources */,
				697D4D2A28DE25C900CD55AB /* Main.storyboard in Resources */,
			);
			runOnlyForDeploymentPostprocessing = 0;
		};
/* End PBXResourcesBuildPhase section */

/* Begin PBXSourcesBuildPhase section */
		6931E29A28F4509400000A38 /* Sources */ = {
			isa = PBXSourcesBuildPhase;
			buildActionMask = 2147483647;
			files = (
				6931E2A128F4509400000A38 /* MVVMRefactoringKataTests.swift in Sources */,
			);
			runOnlyForDeploymentPostprocessing = 0;
		};
		697D4D1B28DE25C900CD55AB /* Sources */ = {
			isa = PBXSourcesBuildPhase;
			buildActionMask = 2147483647;
			files = (
				697D4D2728DE25C900CD55AB /* ViewController.swift in Sources */,
				697D4D2328DE25C900CD55AB /* AppDelegate.swift in Sources */,
				6931E2A828F4516E00000A38 /* ViewModel.swift in Sources */,
				697D4D2528DE25C900CD55AB /* SceneDelegate.swift in Sources */,
			);
			runOnlyForDeploymentPostprocessing = 0;
		};
/* End PBXSourcesBuildPhase section */

/* Begin PBXTargetDependency section */
		6931E2A328F4509400000A38 /* PBXTargetDependency */ = {
			isa = PBXTargetDependency;
			target = 697D4D1E28DE25C900CD55AB /* MVVMRefactoringKata */;
			targetProxy = 6931E2A228F4509400000A38 /* PBXContainerItemProxy */;
		};
/* End PBXTargetDependency section */

/* Begin PBXVariantGroup section */
		697D4D2828DE25C900CD55AB /* Main.storyboard */ = {
			isa = PBXVariantGroup;
			children = (
				697D4D2928DE25C900CD55AB /* Base */,
			);
			name = Main.storyboard;
			sourceTree = "<group>";
		};
		697D4D2D28DE25CA00CD55AB /* LaunchScreen.storyboard */ = {
			isa = PBXVariantGroup;
			children = (
				697D4D2E28DE25CA00CD55AB /* Base */,
			);
			name = LaunchScreen.storyboard;
			sourceTree = "<group>";
		};
/* End PBXVariantGroup section */

/* Begin XCBuildConfiguration section */
		6931E2A428F4509400000A38 /* Debug */ = {
			isa = XCBuildConfiguration;
			buildSettings = {
				BUNDLE_LOADER = "$(TEST_HOST)";
				CODE_SIGN_STYLE = Automatic;
				CURRENT_PROJECT_VERSION = 1;
				DEVELOPMENT_TEAM = VNRW7375YF;
				GENERATE_INFOPLIST_FILE = YES;
				MARKETING_VERSION = 1.0;
				PRODUCT_BUNDLE_IDENTIFIER = com.paulrobertwillis.MVVMRefactoringKataTests;
				PRODUCT_NAME = "$(TARGET_NAME)";
				SWIFT_EMIT_LOC_STRINGS = NO;
				SWIFT_VERSION = 5.0;
				TARGETED_DEVICE_FAMILY = "1,2";
				TEST_HOST = "$(BUILT_PRODUCTS_DIR)/MVVMRefactoringKata.app/MVVMRefactoringKata";
			};
			name = Debug;
		};
		6931E2A528F4509400000A38 /* Release */ = {
			isa = XCBuildConfiguration;
			buildSettings = {
				BUNDLE_LOADER = "$(TEST_HOST)";
				CODE_SIGN_STYLE = Automatic;
				CURRENT_PROJECT_VERSION = 1;
				DEVELOPMENT_TEAM = VNRW7375YF;
				GENERATE_INFOPLIST_FILE = YES;
				MARKETING_VERSION = 1.0;
				PRODUCT_BUNDLE_IDENTIFIER = com.paulrobertwillis.MVVMRefactoringKataTests;
				PRODUCT_NAME = "$(TARGET_NAME)";
				SWIFT_EMIT_LOC_STRINGS = NO;
				SWIFT_VERSION = 5.0;
				TARGETED_DEVICE_FAMILY = "1,2";
				TEST_HOST = "$(BUILT_PRODUCTS_DIR)/MVVMRefactoringKata.app/MVVMRefactoringKata";
			};
			name = Release;
		};
		697D4D3128DE25CA00CD55AB /* Debug */ = {
			isa = XCBuildConfiguration;
			buildSettings = {
				ALWAYS_SEARCH_USER_PATHS = NO;
				CLANG_ANALYZER_NONNULL = YES;
				CLANG_ANALYZER_NUMBER_OBJECT_CONVERSION = YES_AGGRESSIVE;
				CLANG_CXX_LANGUAGE_STANDARD = "gnu++17";
				CLANG_ENABLE_MODULES = YES;
				CLANG_ENABLE_OBJC_ARC = YES;
				CLANG_ENABLE_OBJC_WEAK = YES;
				CLANG_WARN_BLOCK_CAPTURE_AUTORELEASING = YES;
				CLANG_WARN_BOOL_CONVERSION = YES;
				CLANG_WARN_COMMA = YES;
				CLANG_WARN_CONSTANT_CONVERSION = YES;
				CLANG_WARN_DEPRECATED_OBJC_IMPLEMENTATIONS = YES;
				CLANG_WARN_DIRECT_OBJC_ISA_USAGE = YES_ERROR;
				CLANG_WARN_DOCUMENTATION_COMMENTS = YES;
				CLANG_WARN_EMPTY_BODY = YES;
				CLANG_WARN_ENUM_CONVERSION = YES;
				CLANG_WARN_INFINITE_RECURSION = YES;
				CLANG_WARN_INT_CONVERSION = YES;
				CLANG_WARN_NON_LITERAL_NULL_CONVERSION = YES;
				CLANG_WARN_OBJC_IMPLICIT_RETAIN_SELF = YES;
				CLANG_WARN_OBJC_LITERAL_CONVERSION = YES;
				CLANG_WARN_OBJC_ROOT_CLASS = YES_ERROR;
				CLANG_WARN_QUOTED_INCLUDE_IN_FRAMEWORK_HEADER = YES;
				CLANG_WARN_RANGE_LOOP_ANALYSIS = YES;
				CLANG_WARN_STRICT_PROTOTYPES = YES;
				CLANG_WARN_SUSPICIOUS_MOVE = YES;
				CLANG_WARN_UNGUARDED_AVAILABILITY = YES_AGGRESSIVE;
				CLANG_WARN_UNREACHABLE_CODE = YES;
				CLANG_WARN__DUPLICATE_METHOD_MATCH = YES;
				COPY_PHASE_STRIP = NO;
				DEBUG_INFORMATION_FORMAT = dwarf;
				ENABLE_STRICT_OBJC_MSGSEND = YES;
				ENABLE_TESTABILITY = YES;
				GCC_C_LANGUAGE_STANDARD = gnu11;
				GCC_DYNAMIC_NO_PIC = NO;
				GCC_NO_COMMON_BLOCKS = YES;
				GCC_OPTIMIZATION_LEVEL = 0;
				GCC_PREPROCESSOR_DEFINITIONS = (
					"DEBUG=1",
					"$(inherited)",
				);
				GCC_WARN_64_TO_32_BIT_CONVERSION = YES;
				GCC_WARN_ABOUT_RETURN_TYPE = YES_ERROR;
				GCC_WARN_UNDECLARED_SELECTOR = YES;
				GCC_WARN_UNINITIALIZED_AUTOS = YES_AGGRESSIVE;
				GCC_WARN_UNUSED_FUNCTION = YES;
				GCC_WARN_UNUSED_VARIABLE = YES;
				IPHONEOS_DEPLOYMENT_TARGET = 15.5;
				MTL_ENABLE_DEBUG_INFO = INCLUDE_SOURCE;
				MTL_FAST_MATH = YES;
				ONLY_ACTIVE_ARCH = YES;
				SDKROOT = iphoneos;
				SWIFT_ACTIVE_COMPILATION_CONDITIONS = DEBUG;
				SWIFT_OPTIMIZATION_LEVEL = "-Onone";
			};
			name = Debug;
		};
		697D4D3228DE25CA00CD55AB /* Release */ = {
			isa = XCBuildConfiguration;
			buildSettings = {
				ALWAYS_SEARCH_USER_PATHS = NO;
				CLANG_ANALYZER_NONNULL = YES;
				CLANG_ANALYZER_NUMBER_OBJECT_CONVERSION = YES_AGGRESSIVE;
				CLANG_CXX_LANGUAGE_STANDARD = "gnu++17";
				CLANG_ENABLE_MODULES = YES;
				CLANG_ENABLE_OBJC_ARC = YES;
				CLANG_ENABLE_OBJC_WEAK = YES;
				CLANG_WARN_BLOCK_CAPTURE_AUTORELEASING = YES;
				CLANG_WARN_BOOL_CONVERSION = YES;
				CLANG_WARN_COMMA = YES;
				CLANG_WARN_CONSTANT_CONVERSION = YES;
				CLANG_WARN_DEPRECATED_OBJC_IMPLEMENTATIONS = YES;
				CLANG_WARN_DIRECT_OBJC_ISA_USAGE = YES_ERROR;
				CLANG_WARN_DOCUMENTATION_COMMENTS = YES;
				CLANG_WARN_EMPTY_BODY = YES;
				CLANG_WARN_ENUM_CONVERSION = YES;
				CLANG_WARN_INFINITE_RECURSION = YES;
				CLANG_WARN_INT_CONVERSION = YES;
				CLANG_WARN_NON_LITERAL_NULL_CONVERSION = YES;
				CLANG_WARN_OBJC_IMPLICIT_RETAIN_SELF = YES;
				CLANG_WARN_OBJC_LITERAL_CONVERSION = YES;
				CLANG_WARN_OBJC_ROOT_CLASS = YES_ERROR;
				CLANG_WARN_QUOTED_INCLUDE_IN_FRAMEWORK_HEADER = YES;
				CLANG_WARN_RANGE_LOOP_ANALYSIS = YES;
				CLANG_WARN_STRICT_PROTOTYPES = YES;
				CLANG_WARN_SUSPICIOUS_MOVE = YES;
				CLANG_WARN_UNGUARDED_AVAILABILITY = YES_AGGRESSIVE;
				CLANG_WARN_UNREACHABLE_CODE = YES;
				CLANG_WARN__DUPLICATE_METHOD_MATCH = YES;
				COPY_PHASE_STRIP = NO;
				DEBUG_INFORMATION_FORMAT = "dwarf-with-dsym";
				ENABLE_NS_ASSERTIONS = NO;
				ENABLE_STRICT_OBJC_MSGSEND = YES;
				GCC_C_LANGUAGE_STANDARD = gnu11;
				GCC_NO_COMMON_BLOCKS = YES;
				GCC_WARN_64_TO_32_BIT_CONVERSION = YES;
				GCC_WARN_ABOUT_RETURN_TYPE = YES_ERROR;
				GCC_WARN_UNDECLARED_SELECTOR = YES;
				GCC_WARN_UNINITIALIZED_AUTOS = YES_AGGRESSIVE;
				GCC_WARN_UNUSED_FUNCTION = YES;
				GCC_WARN_UNUSED_VARIABLE = YES;
				IPHONEOS_DEPLOYMENT_TARGET = 15.5;
				MTL_ENABLE_DEBUG_INFO = NO;
				MTL_FAST_MATH = YES;
				SDKROOT = iphoneos;
				SWIFT_COMPILATION_MODE = wholemodule;
				SWIFT_OPTIMIZATION_LEVEL = "-O";
				VALIDATE_PRODUCT = YES;
			};
			name = Release;
		};
		697D4D3428DE25CA00CD55AB /* Debug */ = {
			isa = XCBuildConfiguration;
			buildSettings = {
				ASSETCATALOG_COMPILER_APPICON_NAME = AppIcon;
				ASSETCATALOG_COMPILER_GLOBAL_ACCENT_COLOR_NAME = AccentColor;
				CODE_SIGN_STYLE = Automatic;
				CURRENT_PROJECT_VERSION = 1;
				DEVELOPMENT_TEAM = VNRW7375YF;
				GENERATE_INFOPLIST_FILE = YES;
				INFOPLIST_FILE = MVVMRefactoringKata/Info.plist;
				INFOPLIST_KEY_UIApplicationSupportsIndirectInputEvents = YES;
				INFOPLIST_KEY_UILaunchStoryboardName = LaunchScreen;
				INFOPLIST_KEY_UIMainStoryboardFile = Main;
				INFOPLIST_KEY_UISupportedInterfaceOrientations_iPad = "UIInterfaceOrientationPortrait UIInterfaceOrientationPortraitUpsideDown UIInterfaceOrientationLandscapeLeft UIInterfaceOrientationLandscapeRight";
				INFOPLIST_KEY_UISupportedInterfaceOrientations_iPhone = "UIInterfaceOrientationPortrait UIInterfaceOrientationLandscapeLeft UIInterfaceOrientationLandscapeRight";
				LD_RUNPATH_SEARCH_PATHS = (
					"$(inherited)",
					"@executable_path/Frameworks",
				);
				MARKETING_VERSION = 1.0;
				PRODUCT_BUNDLE_IDENTIFIER = com.paulrobertwillis.MVVMRefactoringKata;
				PRODUCT_NAME = "$(TARGET_NAME)";
				SWIFT_EMIT_LOC_STRINGS = YES;
				SWIFT_VERSION = 5.0;
				TARGETED_DEVICE_FAMILY = "1,2";
			};
			name = Debug;
		};
		697D4D3528DE25CA00CD55AB /* Release */ = {
			isa = XCBuildConfiguration;
			buildSettings = {
				ASSETCATALOG_COMPILER_APPICON_NAME = AppIcon;
				ASSETCATALOG_COMPILER_GLOBAL_ACCENT_COLOR_NAME = AccentColor;
				CODE_SIGN_STYLE = Automatic;
				CURRENT_PROJECT_VERSION = 1;
				DEVELOPMENT_TEAM = VNRW7375YF;
				GENERATE_INFOPLIST_FILE = YES;
				INFOPLIST_FILE = MVVMRefactoringKata/Info.plist;
				INFOPLIST_KEY_UIApplicationSupportsIndirectInputEvents = YES;
				INFOPLIST_KEY_UILaunchStoryboardName = LaunchScreen;
				INFOPLIST_KEY_UIMainStoryboardFile = Main;
				INFOPLIST_KEY_UISupportedInterfaceOrientations_iPad = "UIInterfaceOrientationPortrait UIInterfaceOrientationPortraitUpsideDown UIInterfaceOrientationLandscapeLeft UIInterfaceOrientationLandscapeRight";
				INFOPLIST_KEY_UISupportedInterfaceOrientations_iPhone = "UIInterfaceOrientationPortrait UIInterfaceOrientationLandscapeLeft UIInterfaceOrientationLandscapeRight";
				LD_RUNPATH_SEARCH_PATHS = (
					"$(inherited)",
					"@executable_path/Frameworks",
				);
				MARKETING_VERSION = 1.0;
				PRODUCT_BUNDLE_IDENTIFIER = com.paulrobertwillis.MVVMRefactoringKata;
				PRODUCT_NAME = "$(TARGET_NAME)";
				SWIFT_EMIT_LOC_STRINGS = YES;
				SWIFT_VERSION = 5.0;
				TARGETED_DEVICE_FAMILY = "1,2";
			};
			name = Release;
		};
/* End XCBuildConfiguration section */

/* Begin XCConfigurationList section */
		6931E2A628F4509400000A38 /* Build configuration list for PBXNativeTarget "MVVMRefactoringKataTests" */ = {
			isa = XCConfigurationList;
			buildConfigurations = (
				6931E2A428F4509400000A38 /* Debug */,
				6931E2A528F4509400000A38 /* Release */,
			);
			defaultConfigurationIsVisible = 0;
			defaultConfigurationName = Release;
		};
		697D4D1A28DE25C900CD55AB /* Build configuration list for PBXProject "MVVMRefactoringKata" */ = {
			isa = XCConfigurationList;
			buildConfigurations = (
				697D4D3128DE25CA00CD55AB /* Debug */,
				697D4D3228DE25CA00CD55AB /* Release */,
			);
			defaultConfigurationIsVisible = 0;
			defaultConfigurationName = Release;
		};
		697D4D3328DE25CA00CD55AB /* Build configuration list for PBXNativeTarget "MVVMRefactoringKata" */ = {
			isa = XCConfigurationList;
			buildConfigurations = (
				697D4D3428DE25CA00CD55AB /* Debug */,
				697D4D3528DE25CA00CD55AB /* Release */,
			);
			defaultConfigurationIsVisible = 0;
			defaultConfigurationName = Release;
		};
/* End XCConfigurationList section */
	};
	rootObject = 697D4D1728DE25C900CD55AB /* Project object */;
}
